
Microsoft Visual Studio Solution File, Format Version 12.00
# Visual Studio Version 16
VisualStudioVersion = 16.0.29215.179
MinimumVisualStudioVersion = 10.0.40219.1
Project("{8BC9CEB8-8B4A-11D0-8D11-00A0C91BC942}") = "Q8ParentMutex", "CPEN333Lab5\CPEN333Lab5.vcxproj", "{469E57AD-EFE4-42F1-8A12-AA6B21016E76}"
EndProject
Project("{8BC9CEB8-8B4A-11D0-8D11-00A0C91BC942}") = "Q8ChildMutex", "Q8ChildMutex\Q8ChildMutex.vcxproj", "{D91C18C6-A969-4E89-ADAF-8CA3A8354568}"
EndProject
Project("{8BC9CEB8-8B4A-11D0-8D11-00A0C91BC942}") = "PartBMutex", "PartB\PartB.vcxproj", "{519DA8B0-5596-4A2E-BF57-130A14364B01}"
EndProject
Project("{8BC9CEB8-8B4A-11D0-8D11-00A0C91BC942}") = "PartBAtomic", "PartBAtomic\PartBAtomic.vcxproj", "{3ACF2692-2170-4080-8FB3-7A6F18CCCA02}"
EndProject
Project("{8BC9CEB8-8B4A-11D0-8D11-00A0C91BC942}") = "PartCMonitor", "PartCMonitor\PartCMonitor.vcxproj", "{8876266B-534D-498A-9B26-4523321AC367}"
EndProject
Project("{8BC9CEB8-8B4A-11D0-8D11-00A0C91BC942}") = "PartCMonitorChild", "PartCMonitorChild\PartCMonitorChild.vcxproj", "{8EB27E76-EDBF-4FF5-9B60-0FF9BE756A25}"
EndProject
Project("{8BC9CEB8-8B4A-11D0-8D11-00A0C91BC942}") = "PartDSingleProducerDoubleConsumerParent", "PartDSingleProducerDoubleConsumerParent\PartDSingleProducerDoubleConsumerParent.vcxproj", "{1F43C953-F46A-442A-9B06-53BB2B71E78E}"
EndProject
Project("{8BC9CEB8-8B4A-11D0-8D11-00A0C91BC942}") = "PartDSingleProducerDoubleConsumerChild", "PartDSingleProducerDoubleConsumerChild\PartDSingleProducerDoubleConsumerChild.vcxproj", "{C3D989C7-1FC0-473E-8AAB-641D23793DDA}"
EndProject
Project("{8BC9CEB8-8B4A-11D0-8D11-00A0C91BC942}") = "PartDSingleProducerDoubleConsumerChild2", "PartDSingleProducerDoubleConsumerChild2\PartDSingleProducerDoubleConsumerChild2.vcxproj", "{D1B2D0C9-D30C-4562-8BED-30A891C21C48}"
EndProject
Global
	GlobalSection(SolutionConfigurationPlatforms) = preSolution
		Debug|x64 = Debug|x64
		Debug|x86 = Debug|x86
		Release|x64 = Release|x64
		Release|x86 = Release|x86
	EndGlobalSection
	GlobalSection(ProjectConfigurationPlatforms) = postSolution
		{469E57AD-EFE4-42F1-8A12-AA6B21016E76}.Debug|x64.ActiveCfg = Debug|x64
		{469E57AD-EFE4-42F1-8A12-AA6B21016E76}.Debug|x64.Build.0 = Debug|x64
		{469E57AD-EFE4-42F1-8A12-AA6B21016E76}.Debug|x86.ActiveCfg = Debug|Win32
		{469E57AD-EFE4-42F1-8A12-AA6B21016E76}.Debug|x86.Build.0 = Debug|Win32
		{469E57AD-EFE4-42F1-8A12-AA6B21016E76}.Release|x64.ActiveCfg = Release|x64
		{469E57AD-EFE4-42F1-8A12-AA6B21016E76}.Release|x64.Build.0 = Release|x64
		{469E57AD-EFE4-42F1-8A12-AA6B21016E76}.Release|x86.ActiveCfg = Release|Win32
		{469E57AD-EFE4-42F1-8A12-AA6B21016E76}.Release|x86.Build.0 = Release|Win32
		{D91C18C6-A969-4E89-ADAF-8CA3A8354568}.Debug|x64.ActiveCfg = Debug|x64
		{D91C18C6-A969-4E89-ADAF-8CA3A8354568}.Debug|x64.Build.0 = Debug|x64
		{D91C18C6-A969-4E89-ADAF-8CA3A8354568}.Debug|x86.ActiveCfg = Debug|Win32
		{D91C18C6-A969-4E89-ADAF-8CA3A8354568}.Debug|x86.Build.0 = Debug|Win32
		{D91C18C6-A969-4E89-ADAF-8CA3A8354568}.Release|x64.ActiveCfg = Release|x64
		{D91C18C6-A969-4E89-ADAF-8CA3A8354568}.Release|x64.Build.0 = Release|x64
		{D91C18C6-A969-4E89-ADAF-8CA3A8354568}.Release|x86.ActiveCfg = Release|Win32
		{D91C18C6-A969-4E89-ADAF-8CA3A8354568}.Release|x86.Build.0 = Release|Win32
		{519DA8B0-5596-4A2E-BF57-130A14364B01}.Debug|x64.ActiveCfg = Debug|x64
		{519DA8B0-5596-4A2E-BF57-130A14364B01}.Debug|x64.Build.0 = Debug|x64
		{519DA8B0-5596-4A2E-BF57-130A14364B01}.Debug|x86.ActiveCfg = Debug|Win32
		{519DA8B0-5596-4A2E-BF57-130A14364B01}.Debug|x86.Build.0 = Debug|Win32
		{519DA8B0-5596-4A2E-BF57-130A14364B01}.Release|x64.ActiveCfg = Release|x64
		{519DA8B0-5596-4A2E-BF57-130A14364B01}.Release|x64.Build.0 = Release|x64
		{519DA8B0-5596-4A2E-BF57-130A14364B01}.Release|x86.ActiveCfg = Release|Win32
		{519DA8B0-5596-4A2E-BF57-130A14364B01}.Release|x86.Build.0 = Release|Win32
		{3ACF2692-2170-4080-8FB3-7A6F18CCCA02}.Debug|x64.ActiveCfg = Debug|x64
		{3ACF2692-2170-4080-8FB3-7A6F18CCCA02}.Debug|x64.Build.0 = Debug|x64
		{3ACF2692-2170-4080-8FB3-7A6F18CCCA02}.Debug|x86.ActiveCfg = Debug|Win32
		{3ACF2692-2170-4080-8FB3-7A6F18CCCA02}.Debug|x86.Build.0 = Debug|Win32
		{3ACF2692-2170-4080-8FB3-7A6F18CCCA02}.Release|x64.ActiveCfg = Release|x64
		{3ACF2692-2170-4080-8FB3-7A6F18CCCA02}.Release|x64.Build.0 = Release|x64
		{3ACF2692-2170-4080-8FB3-7A6F18CCCA02}.Release|x86.ActiveCfg = Release|Win32
		{3ACF2692-2170-4080-8FB3-7A6F18CCCA02}.Release|x86.Build.0 = Release|Win32
		{8876266B-534D-498A-9B26-4523321AC367}.Debug|x64.ActiveCfg = Debug|x64
		{8876266B-534D-498A-9B26-4523321AC367}.Debug|x64.Build.0 = Debug|x64
		{8876266B-534D-498A-9B26-4523321AC367}.Debug|x86.ActiveCfg = Debug|Win32
		{8876266B-534D-498A-9B26-4523321AC367}.Debug|x86.Build.0 = Debug|Win32
		{8876266B-534D-498A-9B26-4523321AC367}.Release|x64.ActiveCfg = Release|x64
		{8876266B-534D-498A-9B26-4523321AC367}.Release|x64.Build.0 = Release|x64
		{8876266B-534D-498A-9B26-4523321AC367}.Release|x86.ActiveCfg = Release|Win32
		{8876266B-534D-498A-9B26-4523321AC367}.Release|x86.Build.0 = Release|Win32
		{8EB27E76-EDBF-4FF5-9B60-0FF9BE756A25}.Debug|x64.ActiveCfg = Debug|x64
		{8EB27E76-EDBF-4FF5-9B60-0FF9BE756A25}.Debug|x64.Build.0 = Debug|x64
		{8EB27E76-EDBF-4FF5-9B60-0FF9BE756A25}.Debug|x86.ActiveCfg = Debug|Win32
		{8EB27E76-EDBF-4FF5-9B60-0FF9BE756A25}.Debug|x86.Build.0 = Debug|Win32
		{8EB27E76-EDBF-4FF5-9B60-0FF9BE756A25}.Release|x64.ActiveCfg = Release|x64
		{8EB27E76-EDBF-4FF5-9B60-0FF9BE756A25}.Release|x64.Build.0 = Release|x64
		{8EB27E76-EDBF-4FF5-9B60-0FF9BE756A25}.Release|x86.ActiveCfg = Release|Win32
		{8EB27E76-EDBF-4FF5-9B60-0FF9BE756A25}.Release|x86.Build.0 = Release|Win32
		{1F43C953-F46A-442A-9B06-53BB2B71E78E}.Debug|x64.ActiveCfg = Debug|x64
		{1F43C953-F46A-442A-9B06-53BB2B71E78E}.Debug|x64.Build.0 = Debug|x64
		{1F43C953-F46A-442A-9B06-53BB2B71E78E}.Debug|x86.ActiveCfg = Debug|Win32
		{1F43C953-F46A-442A-9B06-53BB2B71E78E}.Debug|x86.Build.0 = Debug|Win32
		{1F43C953-F46A-442A-9B06-53BB2B71E78E}.Release|x64.ActiveCfg = Release|x64
		{1F43C953-F46A-442A-9B06-53BB2B71E78E}.Release|x64.Build.0 = Release|x64
		{1F43C953-F46A-442A-9B06-53BB2B71E78E}.Release|x86.ActiveCfg = Release|Win32
		{1F43C953-F46A-442A-9B06-53BB2B71E78E}.Release|x86.Build.0 = Release|Win32
		{C3D989C7-1FC0-473E-8AAB-641D23793DDA}.Debug|x64.ActiveCfg = Debug|x64
		{C3D989C7-1FC0-473E-8AAB-641D23793DDA}.Debug|x64.Build.0 = Debug|x64
		{C3D989C7-1FC0-473E-8AAB-641D23793DDA}.Debug|x86.ActiveCfg = Debug|Win32
		{C3D989C7-1FC0-473E-8AAB-641D23793DDA}.Debug|x86.Build.0 = Debug|Win32
		{C3D989C7-1FC0-473E-8AAB-641D23793DDA}.Release|x64.ActiveCfg = Release|x64
		{C3D989C7-1FC0-473E-8AAB-641D23793DDA}.Release|x64.Build.0 = Release|x64
		{C3D989C7-1FC0-473E-8AAB-641D23793DDA}.Release|x86.ActiveCfg = Release|Win32
		{C3D989C7-1FC0-473E-8AAB-641D23793DDA}.Release|x86.Build.0 = Release|Win32
		{D1B2D0C9-D30C-4562-8BED-30A891C21C48}.Debug|x64.ActiveCfg = Debug|x64
		{D1B2D0C9-D30C-4562-8BED-30A891C21C48}.Debug|x64.Build.0 = Debug|x64
		{D1B2D0C9-D30C-4562-8BED-30A891C21C48}.Debug|x86.ActiveCfg = Debug|Win32
		{D1B2D0C9-D30C-4562-8BED-30A891C21C48}.Debug|x86.Build.0 = Debug|Win32
		{D1B2D0C9-D30C-4562-8BED-30A891C21C48}.Release|x64.ActiveCfg = Release|x64
		{D1B2D0C9-D30C-4562-8BED-30A891C21C48}.Release|x64.Build.0 = Release|x64
		{D1B2D0C9-D30C-4562-8BED-30A891C21C48}.Release|x86.ActiveCfg = Release|Win32
		{D1B2D0C9-D30C-4562-8BED-30A891C21C48}.Release|x86.Build.0 = Release|Win32
	EndGlobalSection
	GlobalSection(SolutionProperties) = preSolution
		HideSolutionNode = FALSE
	EndGlobalSection
	GlobalSection(ExtensibilityGlobals) = postSolution
		SolutionGuid = {2E54E156-67F4-4BBD-9E41-988BE45503FD}
	EndGlobalSection
EndGlobal
